// !$*UTF8*$!
{
	archiveVersion = 1;
	classes = {
	};
	objectVersion = 77;
	objects = {

/* Begin PBXAggregateTarget section */
		F252B5492F3C314D00B53CEE /* Periphery */ = {
			isa = PBXAggregateTarget;
			buildConfigurationList = F252B54A2F3C314D00B53CEE /* Build configuration list for PBXAggregateTarget "Periphery" */;
			buildPhases = (
				F252B54F2F3C32F500B53CEE /* ShellScript */,
				F2029BCF2F3C5230009AD241 /* ShellScript */,
			);
			dependencies = (
			);
			name = Periphery;
			packageProductDependencies = (
			);
			productName = Periphery;
		};
/* End PBXAggregateTarget section */

/* Begin PBXBuildFile section */
		F2029BD22F3C52A4009AD241 /* .swiftLint.yml in Resources */ = {isa = PBXBuildFile; fileRef = F2029BD12F3C52A4009AD241 /* .swiftLint.yml */; };
		F256F84F2F4C2B2A0006F018 /* DeviceStatus.swift in Sources */ = {isa = PBXBuildFile; fileRef = F256F82F2F4C2B2A0006F018 /* DeviceStatus.swift */; };
		F256F8502F4C2B2A0006F018 /* LightRepositoryProtocol.swift in Sources */ = {isa = PBXBuildFile; fileRef = F256F8312F4C2B2A0006F018 /* LightRepositoryProtocol.swift */; };
		F256F8512F4C2B2A0006F018 /* LightControlUseCase.swift in Sources */ = {isa = PBXBuildFile; fileRef = F256F8332F4C2B2A0006F018 /* LightControlUseCase.swift */; };
		F256F8522F4C2B2A0006F018 /* SwitchBotClient.swift in Sources */ = {isa = PBXBuildFile; fileRef = F256F8362F4C2B2A0006F018 /* SwitchBotClient.swift */; };
		F256F8532F4C2B2A0006F018 /* FirebaseDatabaseClient.swift in Sources */ = {isa = PBXBuildFile; fileRef = F256F8382F4C2B2A0006F018 /* FirebaseDatabaseClient.swift */; };
		F256F8542F4C2B2A0006F018 /* LightRepository.swift in Sources */ = {isa = PBXBuildFile; fileRef = F256F83A2F4C2B2A0006F018 /* LightRepository.swift */; };
		F256F8552F4C2B2A0006F018 /* LightViewModel.swift in Sources */ = {isa = PBXBuildFile; fileRef = F256F83D2F4C2B2A0006F018 /* LightViewModel.swift */; };
		F256F8562F4C2B2A0006F018 /* ContentView.swift in Sources */ = {isa = PBXBuildFile; fileRef = F256F83F2F4C2B2A0006F018 /* ContentView.swift */; };
		F256F8572F4C2B2A0006F018 /* DIContainer.swift in Sources */ = {isa = PBXBuildFile; fileRef = F256F8462F4C2B2A0006F018 /* DIContainer.swift */; };
		F256F8582F4C2B2A0006F018 /* frank_lloyd_lightApp.swift in Sources */ = {isa = PBXBuildFile; fileRef = F256F84B2F4C2B2A0006F018 /* frank_lloyd_lightApp.swift */; };
		F256F8592F4C2B2A0006F018 /* Preview Assets.xcassets in Resources */ = {isa = PBXBuildFile; fileRef = F256F8442F4C2B2A0006F018 /* Preview Assets.xcassets */; };
		F256F85A2F4C2B2A0006F018 /* Assets.xcassets in Resources */ = {isa = PBXBuildFile; fileRef = F256F84A2F4C2B2A0006F018 /* Assets.xcassets */; };
		F256F85B2F4C2B2A0006F018 /* GoogleService-Info.plist in Resources */ = {isa = PBXBuildFile; fileRef = F256F84C2F4C2B2A0006F018 /* GoogleService-Info.plist */; };
		F288664E2F3C9BA300DD1F41 /* FirebaseAnalytics in Frameworks */ = {isa = PBXBuildFile; productRef = F288664D2F3C9BA300DD1F41 /* FirebaseAnalytics */; };
		F28866512F3CA08500DD1F41 /* FirebaseDatabase in Frameworks */ = {isa = PBXBuildFile; productRef = F28866502F3CA08500DD1F41 /* FirebaseDatabase */; };
		F2C1E5A12F4353E4006B6D11 /* Config.xcconfig in Resources */ = {isa = PBXBuildFile; fileRef = F2C1E5A02F4353E4006B6D11 /* Config.xcconfig */; };
		F2DE0E602ED1CBA2003C71EA /* README.md in Resources */ = {isa = PBXBuildFile; fileRef = F2DE0E5F2ED1CB9A003C71EA /* README.md */; };
/* End PBXBuildFile section */

/* Begin PBXContainerItemProxy section */
		F2F903FC2ECF49A500E40072 /* PBXContainerItemProxy */ = {
			isa = PBXContainerItemProxy;
			containerPortal = F2F903E32ECF49A200E40072 /* Project object */;
			proxyType = 1;
			remoteGlobalIDString = F2F903EA2ECF49A200E40072;
			remoteInfo = frank_lloyd_light;
		};
		F2F904062ECF49A500E40072 /* PBXContainerItemProxy */ = {
			isa = PBXContainerItemProxy;
			containerPortal = F2F903E32ECF49A200E40072 /* Project object */;
			proxyType = 1;
			remoteGlobalIDString = F2F903EA2ECF49A200E40072;
			remoteInfo = frank_lloyd_light;
		};
/* End PBXContainerItemProxy section */

/* Begin PBXFileReference section */
		F2029BD12F3C52A4009AD241 /* .swiftLint.yml */ = {isa = PBXFileReference; lastKnownFileType = text; path = .swiftLint.yml; sourceTree = "<group>"; };
		F256F82F2F4C2B2A0006F018 /* DeviceStatus.swift */ = {isa = PBXFileReference; lastKnownFileType = sourcecode.swift; path = DeviceStatus.swift; sourceTree = "<group>"; };
		F256F8312F4C2B2A0006F018 /* LightRepositoryProtocol.swift */ = {isa = PBXFileReference; lastKnownFileType = sourcecode.swift; path = LightRepositoryProtocol.swift; sourceTree = "<group>"; };
		F256F8332F4C2B2A0006F018 /* LightControlUseCase.swift */ = {isa = PBXFileReference; lastKnownFileType = sourcecode.swift; path = LightControlUseCase.swift; sourceTree = "<group>"; };
		F256F8362F4C2B2A0006F018 /* SwitchBotClient.swift */ = {isa = PBXFileReference; lastKnownFileType = sourcecode.swift; path = SwitchBotClient.swift; sourceTree = "<group>"; };
		F256F8382F4C2B2A0006F018 /* FirebaseDatabaseClient.swift */ = {isa = PBXFileReference; lastKnownFileType = sourcecode.swift; path = FirebaseDatabaseClient.swift; sourceTree = "<group>"; };
		F256F83A2F4C2B2A0006F018 /* LightRepository.swift */ = {isa = PBXFileReference; lastKnownFileType = sourcecode.swift; path = LightRepository.swift; sourceTree = "<group>"; };
		F256F83D2F4C2B2A0006F018 /* LightViewModel.swift */ = {isa = PBXFileReference; lastKnownFileType = sourcecode.swift; path = LightViewModel.swift; sourceTree = "<group>"; };
		F256F83F2F4C2B2A0006F018 /* ContentView.swift */ = {isa = PBXFileReference; lastKnownFileType = sourcecode.swift; path = ContentView.swift; sourceTree = "<group>"; };
		F256F8442F4C2B2A0006F018 /* Preview Assets.xcassets */ = {isa = PBXFileReference; lastKnownFileType = folder.assetcatalog; path = "Preview Assets.xcassets"; sourceTree = "<group>"; };
		F256F8462F4C2B2A0006F018 /* DIContainer.swift */ = {isa = PBXFileReference; lastKnownFileType = sourcecode.swift; path = DIContainer.swift; sourceTree = "<group>"; };
		F256F84A2F4C2B2A0006F018 /* Assets.xcassets */ = {isa = PBXFileReference; lastKnownFileType = folder.assetcatalog; path = Assets.xcassets; sourceTree = "<group>"; };
		F256F84B2F4C2B2A0006F018 /* frank_lloyd_lightApp.swift */ = {isa = PBXFileReference; lastKnownFileType = sourcecode.swift; path = frank_lloyd_lightApp.swift; sourceTree = "<group>"; };
		F256F84C2F4C2B2A0006F018 /* GoogleService-Info.plist */ = {isa = PBXFileReference; lastKnownFileType = text.plist.xml; path = "GoogleService-Info.plist"; sourceTree = "<group>"; };
		F256F84D2F4C2B2A0006F018 /* README.md */ = {isa = PBXFileReference; lastKnownFileType = net.daringfireball.markdown; path = README.md; sourceTree = "<group>"; };
		F2C1E5A02F4353E4006B6D11 /* Config.xcconfig */ = {isa = PBXFileReference; lastKnownFileType = text.xcconfig; path = Config.xcconfig; sourceTree = "<group>"; };
		F2DE0E5F2ED1CB9A003C71EA /* README.md */ = {isa = PBXFileReference; lastKnownFileType = net.daringfireball.markdown; path = README.md; sourceTree = "<group>"; };
		F2F903EB2ECF49A200E40072 /* frank_lloyd_light.app */ = {isa = PBXFileReference; explicitFileType = wrapper.application; includeInIndex = 0; path = frank_lloyd_light.app; sourceTree = BUILT_PRODUCTS_DIR; };
		F2F903FB2ECF49A500E40072 /* frank_lloyd_lightTests.xctest */ = {isa = PBXFileReference; explicitFileType = wrapper.cfbundle; includeInIndex = 0; path = frank_lloyd_lightTests.xctest; sourceTree = BUILT_PRODUCTS_DIR; };
		F2F904052ECF49A500E40072 /* frank_lloyd_lightUITests.xctest */ = {isa = PBXFileReference; explicitFileType = wrapper.cfbundle; includeInIndex = 0; path = frank_lloyd_lightUITests.xctest; sourceTree = BUILT_PRODUCTS_DIR; };
/* End PBXFileReference section */

/* Begin PBXFileSystemSynchronizedRootGroup section */
		F2F903FE2ECF49A500E40072 /* frank_lloyd_lightTests */ = {
			isa = PBXFileSystemSynchronizedRootGroup;
			path = frank_lloyd_lightTests;
			sourceTree = "<group>";
		};
		F2F904082ECF49A500E40072 /* frank_lloyd_lightUITests */ = {
			isa = PBXFileSystemSynchronizedRootGroup;
			path = frank_lloyd_lightUITests;
			sourceTree = "<group>";
		};
/* End PBXFileSystemSynchronizedRootGroup section */

/* Begin PBXFrameworksBuildPhase section */
		F2F903E82ECF49A200E40072 /* Frameworks */ = {
			isa = PBXFrameworksBuildPhase;
			buildActionMask = 2147483647;
			files = (
				F28866512F3CA08500DD1F41 /* FirebaseDatabase in Frameworks */,
				F288664E2F3C9BA300DD1F41 /* FirebaseAnalytics in Frameworks */,
			);
			runOnlyForDeploymentPostprocessing = 0;
		};
		F2F903F82ECF49A500E40072 /* Frameworks */ = {
			isa = PBXFrameworksBuildPhase;
			buildActionMask = 2147483647;
			files = (
			);
			runOnlyForDeploymentPostprocessing = 0;
		};
		F2F904022ECF49A500E40072 /* Frameworks */ = {
			isa = PBXFrameworksBuildPhase;
			buildActionMask = 2147483647;
			files = (
			);
			runOnlyForDeploymentPostprocessing = 0;
		};
/* End PBXFrameworksBuildPhase section */

/* Begin PBXGroup section */
		F256F8302F4C2B2A0006F018 /* Models */ = {
			isa = PBXGroup;
			children = (
				F256F82F2F4C2B2A0006F018 /* DeviceStatus.swift */,
			);
			path = Models;
			sourceTree = "<group>";
		};
		F256F8322F4C2B2A0006F018 /* RepositoriesProtocol */ = {
			isa = PBXGroup;
			children = (
				F256F8312F4C2B2A0006F018 /* LightRepositoryProtocol.swift */,
			);
			path = RepositoriesProtocol;
			sourceTree = "<group>";
		};
		F256F8342F4C2B2A0006F018 /* UseCases */ = {
			isa = PBXGroup;
			children = (
				F256F8332F4C2B2A0006F018 /* LightControlUseCase.swift */,
			);
			path = UseCases;
			sourceTree = "<group>";
		};
		F256F8352F4C2B2A0006F018 /* Domain */ = {
			isa = PBXGroup;
			children = (
				F256F8302F4C2B2A0006F018 /* Models */,
				F256F8322F4C2B2A0006F018 /* RepositoriesProtocol */,
				F256F8342F4C2B2A0006F018 /* UseCases */,
			);
			path = Domain;
			sourceTree = "<group>";
		};
		F256F8372F4C2B2A0006F018 /* API */ = {
			isa = PBXGroup;
			children = (
				F256F8362F4C2B2A0006F018 /* SwitchBotClient.swift */,
			);
			path = API;
			sourceTree = "<group>";
		};
		F256F8392F4C2B2A0006F018 /* Firebase */ = {
			isa = PBXGroup;
			children = (
				F256F8382F4C2B2A0006F018 /* FirebaseDatabaseClient.swift */,
			);
			path = Firebase;
			sourceTree = "<group>";
		};
		F256F83B2F4C2B2A0006F018 /* Repository */ = {
			isa = PBXGroup;
			children = (
				F256F83A2F4C2B2A0006F018 /* LightRepository.swift */,
			);
			path = Repository;
			sourceTree = "<group>";
		};
		F256F83C2F4C2B2A0006F018 /* Infrastructure */ = {
			isa = PBXGroup;
			children = (
				F256F8372F4C2B2A0006F018 /* API */,
				F256F8392F4C2B2A0006F018 /* Firebase */,
				F256F83B2F4C2B2A0006F018 /* Repository */,
			);
			path = Infrastructure;
			sourceTree = "<group>";
		};
		F256F83E2F4C2B2A0006F018 /* ViewModels */ = {
			isa = PBXGroup;
			children = (
				F256F83D2F4C2B2A0006F018 /* LightViewModel.swift */,
			);
			path = ViewModels;
			sourceTree = "<group>";
		};
		F256F8402F4C2B2A0006F018 /* Views */ = {
			isa = PBXGroup;
			children = (
				F256F83F2F4C2B2A0006F018 /* ContentView.swift */,
			);
			path = Views;
			sourceTree = "<group>";
		};
		F256F8412F4C2B2A0006F018 /* LightFeature */ = {
			isa = PBXGroup;
			children = (
				F256F83E2F4C2B2A0006F018 /* ViewModels */,
				F256F8402F4C2B2A0006F018 /* Views */,
			);
			path = LightFeature;
			sourceTree = "<group>";
		};
		F256F8422F4C2B2A0006F018 /* Features */ = {
			isa = PBXGroup;
			children = (
				F256F8412F4C2B2A0006F018 /* LightFeature */,
			);
			path = Features;
			sourceTree = "<group>";
		};
		F256F8432F4C2B2A0006F018 /* Presentation */ = {
			isa = PBXGroup;
			children = (
				F256F8422F4C2B2A0006F018 /* Features */,
			);
			path = Presentation;
			sourceTree = "<group>";
		};
		F256F8452F4C2B2A0006F018 /* Preview Content */ = {
			isa = PBXGroup;
			children = (
				F256F8442F4C2B2A0006F018 /* Preview Assets.xcassets */,
			);
			path = "Preview Content";
			sourceTree = "<group>";
		};
		F256F8472F4C2B2A0006F018 /* DI */ = {
			isa = PBXGroup;
			children = (
				F256F8462F4C2B2A0006F018 /* DIContainer.swift */,
			);
			path = DI;
			sourceTree = "<group>";
		};
		F256F8482F4C2B2A0006F018 /* Extensions */ = {
			isa = PBXGroup;
			children = (
			);
			path = Extensions;
			sourceTree = "<group>";
		};
		F256F8492F4C2B2A0006F018 /* Shared */ = {
			isa = PBXGroup;
			children = (
				F256F8472F4C2B2A0006F018 /* DI */,
				F256F8482F4C2B2A0006F018 /* Extensions */,
			);
			path = Shared;
			sourceTree = "<group>";
		};
		F256F84E2F4C2B2A0006F018 /* frank_lloyd_light */ = {
			isa = PBXGroup;
			children = (
				F256F8352F4C2B2A0006F018 /* Domain */,
				F256F83C2F4C2B2A0006F018 /* Infrastructure */,
				F256F8432F4C2B2A0006F018 /* Presentation */,
				F256F8452F4C2B2A0006F018 /* Preview Content */,
				F256F8492F4C2B2A0006F018 /* Shared */,
				F256F84A2F4C2B2A0006F018 /* Assets.xcassets */,
				F256F84B2F4C2B2A0006F018 /* frank_lloyd_lightApp.swift */,
				F256F84C2F4C2B2A0006F018 /* GoogleService-Info.plist */,
				F256F84D2F4C2B2A0006F018 /* README.md */,
			);
			path = frank_lloyd_light;
			sourceTree = "<group>";
		};
		F288664F2F3C9FF600DD1F41 /* Frameworks */ = {
			isa = PBXGroup;
			children = (
			);
			name = Frameworks;
			sourceTree = "<group>";
		};
		F2F903E22ECF49A200E40072 = {
			isa = PBXGroup;
			children = (
				F256F84E2F4C2B2A0006F018 /* frank_lloyd_light */,
				F2C1E5A02F4353E4006B6D11 /* Config.xcconfig */,
				F2DE0E5F2ED1CB9A003C71EA /* README.md */,
				F2F903FE2ECF49A500E40072 /* frank_lloyd_lightTests */,
				F2F904082ECF49A500E40072 /* frank_lloyd_lightUITests */,
				F2F903EC2ECF49A200E40072 /* Products */,
				F2029BD12F3C52A4009AD241 /* .swiftLint.yml */,
				F288664F2F3C9FF600DD1F41 /* Frameworks */,
			);
			sourceTree = "<group>";
		};
		F2F903EC2ECF49A200E40072 /* Products */ = {
			isa = PBXGroup;
			children = (
				F2F903EB2ECF49A200E40072 /* frank_lloyd_light.app */,
				F2F903FB2ECF49A500E40072 /* frank_lloyd_lightTests.xctest */,
				F2F904052ECF49A500E40072 /* frank_lloyd_lightUITests.xctest */,
			);
			name = Products;
			sourceTree = "<group>";
		};
/* End PBXGroup section */

/* Begin PBXNativeTarget section */
		F2F903EA2ECF49A200E40072 /* frank_lloyd_light */ = {
			isa = PBXNativeTarget;
			buildConfigurationList = F2F9040F2ECF49A500E40072 /* Build configuration list for PBXNativeTarget "frank_lloyd_light" */;
			buildPhases = (
				F2F903E82ECF49A200E40072 /* Frameworks */,
				F2F903E92ECF49A200E40072 /* Resources */,
				F256F7C52F4C28C50006F018 /* Sources */,
			);
			buildRules = (
			);
			dependencies = (
			);
			name = frank_lloyd_light;
			packageProductDependencies = (
				F288664D2F3C9BA300DD1F41 /* FirebaseAnalytics */,
				F28866502F3CA08500DD1F41 /* FirebaseDatabase */,
			);
			productName = frank_lloyd_light;
			productReference = F2F903EB2ECF49A200E40072 /* frank_lloyd_light.app */;
			productType = "com.apple.product-type.application";
		};
		F2F903FA2ECF49A500E40072 /* frank_lloyd_lightTests */ = {
			isa = PBXNativeTarget;
			buildConfigurationList = F2F904122ECF49A500E40072 /* Build configuration list for PBXNativeTarget "frank_lloyd_lightTests" */;
			buildPhases = (
				F2F903F72ECF49A500E40072 /* Sources */,
				F2F903F82ECF49A500E40072 /* Frameworks */,
				F2F903F92ECF49A500E40072 /* Resources */,
			);
			buildRules = (
			);
			dependencies = (
				F2F903FD2ECF49A500E40072 /* PBXTargetDependency */,
			);
			fileSystemSynchronizedGroups = (
				F2F903FE2ECF49A500E40072 /* frank_lloyd_lightTests */,
			);
			name = frank_lloyd_lightTests;
			packageProductDependencies = (
			);
			productName = frank_lloyd_lightTests;
			productReference = F2F903FB2ECF49A500E40072 /* frank_lloyd_lightTests.xctest */;
			productType = "com.apple.product-type.bundle.unit-test";
		};
		F2F904042ECF49A500E40072 /* frank_lloyd_lightUITests */ = {
			isa = PBXNativeTarget;
			buildConfigurationList = F2F904152ECF49A500E40072 /* Build configuration list for PBXNativeTarget "frank_lloyd_lightUITests" */;
			buildPhases = (
				F2F904012ECF49A500E40072 /* Sources */,
				F2F904022ECF49A500E40072 /* Frameworks */,
				F2F904032ECF49A500E40072 /* Resources */,
			);
			buildRules = (
			);
			dependencies = (
				F2F904072ECF49A500E40072 /* PBXTargetDependency */,
			);
			fileSystemSynchronizedGroups = (
				F2F904082ECF49A500E40072 /* frank_lloyd_lightUITests */,
			);
			name = frank_lloyd_lightUITests;
			packageProductDependencies = (
			);
			productName = frank_lloyd_lightUITests;
			productReference = F2F904052ECF49A500E40072 /* frank_lloyd_lightUITests.xctest */;
			productType = "com.apple.product-type.bundle.ui-testing";
		};
/* End PBXNativeTarget section */

/* Begin PBXProject section */
		F2F903E32ECF49A200E40072 /* Project object */ = {
			isa = PBXProject;
			attributes = {
				BuildIndependentTargetsInParallel = 1;
				LastSwiftUpdateCheck = 1600;
				LastUpgradeCheck = 2620;
				TargetAttributes = {
					F252B5492F3C314D00B53CEE = {
						CreatedOnToolsVersion = 26.2;
					};
					F2F903EA2ECF49A200E40072 = {
						CreatedOnToolsVersion = 16.0;
					};
					F2F903FA2ECF49A500E40072 = {
						CreatedOnToolsVersion = 16.0;
						TestTargetID = F2F903EA2ECF49A200E40072;
					};
					F2F904042ECF49A500E40072 = {
						CreatedOnToolsVersion = 16.0;
						TestTargetID = F2F903EA2ECF49A200E40072;
					};
				};
			};
			buildConfigurationList = F2F903E62ECF49A200E40072 /* Build configuration list for PBXProject "frank_lloyd_light" */;
			developmentRegion = en;
			hasScannedForEncodings = 0;
			knownRegions = (
				en,
				Base,
			);
			mainGroup = F2F903E22ECF49A200E40072;
			minimizedProjectReferenceProxies = 1;
			packageReferences = (
				F288664C2F3C9BA300DD1F41 /* XCRemoteSwiftPackageReference "firebase-ios-sdk" */,
			);
			preferredProjectObjectVersion = 77;
			productRefGroup = F2F903EC2ECF49A200E40072 /* Products */;
			projectDirPath = "";
			projectRoot = "";
			targets = (
				F2F903EA2ECF49A200E40072 /* frank_lloyd_light */,
				F2F903FA2ECF49A500E40072 /* frank_lloyd_lightTests */,
				F2F904042ECF49A500E40072 /* frank_lloyd_lightUITests */,
				F252B5492F3C314D00B53CEE /* Periphery */,
			);
		};
/* End PBXProject section */

/* Begin PBXResourcesBuildPhase section */
		F2F903E92ECF49A200E40072 /* Resources */ = {
			isa = PBXResourcesBuildPhase;
			buildActionMask = 2147483647;
			files = (
				F2029BD22F3C52A4009AD241 /* .swiftLint.yml in Resources */,
				F256F8592F4C2B2A0006F018 /* Preview Assets.xcassets in Resources */,
				F256F85A2F4C2B2A0006F018 /* Assets.xcassets in Resources */,
				F256F85B2F4C2B2A0006F018 /* GoogleService-Info.plist in Resources */,
				F2C1E5A12F4353E4006B6D11 /* Config.xcconfig in Resources */,
				F2DE0E602ED1CBA2003C71EA /* README.md in Resources */,
			);
			runOnlyForDeploymentPostprocessing = 0;
		};
		F2F903F92ECF49A500E40072 /* Resources */ = {
			isa = PBXResourcesBuildPhase;
			buildActionMask = 2147483647;
			files = (
			);
			runOnlyForDeploymentPostprocessing = 0;
		};
		F2F904032ECF49A500E40072 /* Resources */ = {
			isa = PBXResourcesBuildPhase;
			buildActionMask = 2147483647;
			files = (
			);
			runOnlyForDeploymentPostprocessing = 0;
		};
/* End PBXResourcesBuildPhase section */

/* Begin PBXShellScriptBuildPhase section */
		F2029BCF2F3C5230009AD241 /* ShellScript */ = {
			isa = PBXShellScriptBuildPhase;
			alwaysOutOfDate = 1;
			buildActionMask = 2147483647;
			files = (
			);
			inputFileListPaths = (
			);
			inputPaths = (
			);
			outputFileListPaths = (
			);
			outputPaths = (
			);
			runOnlyForDeploymentPostprocessing = 0;
			shellPath = /bin/sh;
			shellScript = "export PATH=\"$PATH:/opt/homebrew/bin\"\n\ncd /Users/nakayamatomoki/Desktop/IoT/swift/frank_lloyd_light/frank_lloyd_light\n\nif which swiftformat >/dev/null; then\n  swiftformat .\nelse\n  echo \"warning: SwiftFormat not installed, download from https://github.com/nicklockwood/SwiftFormat\"\nfi\n\nif which swiftlint > /dev/null; then\n  swiftlint lint\nelse\n  echo \"warning: SwiftLint not installed, download from https://github.com/realm/SwiftLint\"\nfi\n";
		};
		F252B54F2F3C32F500B53CEE /* ShellScript */ = {
			isa = PBXShellScriptBuildPhase;
			alwaysOutOfDate = 1;
			buildActionMask = 2147483647;
			files = (
			);
			inputFileListPaths = (
			);
			inputPaths = (
			);
			outputFileListPaths = (
			);
			outputPaths = (
			);
			runOnlyForDeploymentPostprocessing = 0;
			shellPath = /bin/sh;
			shellScript = "# Type a script or drag a script file from your workspace to insert its path.\nexport PATH=\"/opt/homebrew/bin:$PATH\"\nperiphery scan --project frank_lloyd_light.xcodeproj --schemes frank_lloyd_light --targets frank_lloyd_light --format xcode\n";
		};
/* End PBXShellScriptBuildPhase section */

/* Begin PBXSourcesBuildPhase section */
		F256F7C52F4C28C50006F018 /* Sources */ = {
			isa = PBXSourcesBuildPhase;
			buildActionMask = 2147483647;
			files = (
				F256F84F2F4C2B2A0006F018 /* DeviceStatus.swift in Sources */,
				F256F8502F4C2B2A0006F018 /* LightRepositoryProtocol.swift in Sources */,
				F256F8512F4C2B2A0006F018 /* LightControlUseCase.swift in Sources */,
				F256F8522F4C2B2A0006F018 /* SwitchBotClient.swift in Sources */,
				F256F8532F4C2B2A0006F018 /* FirebaseDatabaseClient.swift in Sources */,
				F256F8542F4C2B2A0006F018 /* LightRepository.swift in Sources */,
				F256F8552F4C2B2A0006F018 /* LightViewModel.swift in Sources */,
				F256F8562F4C2B2A0006F018 /* ContentView.swift in Sources */,
				F256F8572F4C2B2A0006F018 /* DIContainer.swift in Sources */,
				F256F8582F4C2B2A0006F018 /* frank_lloyd_lightApp.swift in Sources */,
			);
			runOnlyForDeploymentPostprocessing = 0;
		};
		F2F903F72ECF49A500E40072 /* Sources */ = {
			isa = PBXSourcesBuildPhase;
			buildActionMask = 2147483647;
			files = (
			);
			runOnlyForDeploymentPostprocessing = 0;
		};
		F2F904012ECF49A500E40072 /* Sources */ = {
			isa = PBXSourcesBuildPhase;
			buildActionMask = 2147483647;
			files = (
			);
			runOnlyForDeploymentPostprocessing = 0;
		};
/* End PBXSourcesBuildPhase section */

/* Begin PBXTargetDependency section */
		F2F903FD2ECF49A500E40072 /* PBXTargetDependency */ = {
			isa = PBXTargetDependency;
			target = F2F903EA2ECF49A200E40072 /* frank_lloyd_light */;
			targetProxy = F2F903FC2ECF49A500E40072 /* PBXContainerItemProxy */;
		};
		F2F904072ECF49A500E40072 /* PBXTargetDependency */ = {
			isa = PBXTargetDependency;
			target = F2F903EA2ECF49A200E40072 /* frank_lloyd_light */;
			targetProxy = F2F904062ECF49A500E40072 /* PBXContainerItemProxy */;
		};
/* End PBXTargetDependency section */

/* Begin XCBuildConfiguration section */
		F252B54B2F3C314D00B53CEE /* Debug */ = {
			isa = XCBuildConfiguration;
			buildSettings = {
				CODE_SIGN_STYLE = Automatic;
				ENABLE_USER_SCRIPT_SANDBOXING = NO;
				PRODUCT_NAME = "$(TARGET_NAME)";
			};
			name = Debug;
		};
		F252B54C2F3C314D00B53CEE /* Release */ = {
			isa = XCBuildConfiguration;
			buildSettings = {
				CODE_SIGN_STYLE = Automatic;
				ENABLE_USER_SCRIPT_SANDBOXING = NO;
				PRODUCT_NAME = "$(TARGET_NAME)";
			};
			name = Release;
		};
		F2C1E5992F434910006B6D11 /* Debug copy */ = {
			isa = XCBuildConfiguration;
			buildSettings = {
				ALWAYS_SEARCH_USER_PATHS = NO;
				ASSETCATALOG_COMPILER_GENERATE_SWIFT_ASSET_SYMBOL_EXTENSIONS = YES;
				CLANG_ANALYZER_NONNULL = YES;
				CLANG_ANALYZER_NUMBER_OBJECT_CONVERSION = YES_AGGRESSIVE;
				CLANG_CXX_LANGUAGE_STANDARD = "gnu++20";
				CLANG_ENABLE_MODULES = YES;
				CLANG_ENABLE_OBJC_ARC = YES;
				CLANG_ENABLE_OBJC_WEAK = YES;
				CLANG_WARN_BLOCK_CAPTURE_AUTORELEASING = YES;
				CLANG_WARN_BOOL_CONVERSION = YES;
				CLANG_WARN_COMMA = YES;
				CLANG_WARN_CONSTANT_CONVERSION = YES;
				CLANG_WARN_DEPRECATED_OBJC_IMPLEMENTATIONS = YES;
				CLANG_WARN_DIRECT_OBJC_ISA_USAGE = YES_ERROR;
				CLANG_WARN_DOCUMENTATION_COMMENTS = YES;
				CLANG_WARN_EMPTY_BODY = YES;
				CLANG_WARN_ENUM_CONVERSION = YES;
				CLANG_WARN_INFINITE_RECURSION = YES;
				CLANG_WARN_INT_CONVERSION = YES;
				CLANG_WARN_NON_LITERAL_NULL_CONVERSION = YES;
				CLANG_WARN_OBJC_IMPLICIT_RETAIN_SELF = YES;
				CLANG_WARN_OBJC_LITERAL_CONVERSION = YES;
				CLANG_WARN_OBJC_ROOT_CLASS = YES_ERROR;
				CLANG_WARN_QUOTED_INCLUDE_IN_FRAMEWORK_HEADER = YES;
				CLANG_WARN_RANGE_LOOP_ANALYSIS = YES;
				CLANG_WARN_STRICT_PROTOTYPES = YES;
				CLANG_WARN_SUSPICIOUS_MOVE = YES;
				CLANG_WARN_UNGUARDED_AVAILABILITY = YES_AGGRESSIVE;
				CLANG_WARN_UNREACHABLE_CODE = YES;
				CLANG_WARN__DUPLICATE_METHOD_MATCH = YES;
				COPY_PHASE_STRIP = NO;
				DEBUG_INFORMATION_FORMAT = dwarf;
				ENABLE_STRICT_OBJC_MSGSEND = YES;
				ENABLE_TESTABILITY = YES;
				ENABLE_USER_SCRIPT_SANDBOXING = YES;
				GCC_C_LANGUAGE_STANDARD = gnu17;
				GCC_DYNAMIC_NO_PIC = NO;
				GCC_NO_COMMON_BLOCKS = YES;
				GCC_OPTIMIZATION_LEVEL = 0;
				GCC_PREPROCESSOR_DEFINITIONS = (
					"DEBUG=1",
					"$(inherited)",
				);
				GCC_WARN_64_TO_32_BIT_CONVERSION = YES;
				GCC_WARN_ABOUT_RETURN_TYPE = YES_ERROR;
				GCC_WARN_UNDECLARED_SELECTOR = YES;
				GCC_WARN_UNINITIALIZED_AUTOS = YES_AGGRESSIVE;
				GCC_WARN_UNUSED_FUNCTION = YES;
				GCC_WARN_UNUSED_VARIABLE = YES;
				IPHONEOS_DEPLOYMENT_TARGET = 18.0;
				LOCALIZATION_PREFERS_STRING_CATALOGS = YES;
				MTL_ENABLE_DEBUG_INFO = INCLUDE_SOURCE;
				MTL_FAST_MATH = YES;
				ONLY_ACTIVE_ARCH = YES;
				"OTHER_LDFLAGS[arch=*]" = "";
				SDKROOT = iphoneos;
				STRING_CATALOG_GENERATE_SYMBOLS = YES;
				SWIFT_ACTIVE_COMPILATION_CONDITIONS = "DEBUG $(inherited)";
				SWIFT_OPTIMIZATION_LEVEL = "-Onone";
			};
			name = "Debug copy";
		};
		F2C1E59A2F434910006B6D11 /* Debug copy */ = {
			isa = XCBuildConfiguration;
			buildSettings = {
				ASSETCATALOG_COMPILER_APPICON_NAME = AppIcon;
				ASSETCATALOG_COMPILER_GLOBAL_ACCENT_COLOR_NAME = AccentColor;
				CODE_SIGN_STYLE = Automatic;
				CURRENT_PROJECT_VERSION = 1;
				DEVELOPMENT_ASSET_PATHS = "\"frank_lloyd_light/Preview Content\"";
				ENABLE_PREVIEWS = YES;
				GENERATE_INFOPLIST_FILE = YES;
				INFOPLIST_FILE = "frank-lloyd-light-Info.plist";
				INFOPLIST_KEY_UIApplicationSceneManifest_Generation = YES;
				INFOPLIST_KEY_UIApplicationSupportsIndirectInputEvents = YES;
				INFOPLIST_KEY_UILaunchScreen_Generation = YES;
				INFOPLIST_KEY_UISupportedInterfaceOrientations_iPad = "UIInterfaceOrientationPortrait UIInterfaceOrientationPortraitUpsideDown UIInterfaceOrientationLandscapeLeft UIInterfaceOrientationLandscapeRight";
				INFOPLIST_KEY_UISupportedInterfaceOrientations_iPhone = "UIInterfaceOrientationPortrait UIInterfaceOrientationLandscapeLeft UIInterfaceOrientationLandscapeRight";
				LD_RUNPATH_SEARCH_PATHS = (
					"$(inherited)",
					"@executable_path/Frameworks",
				);
				MARKETING_VERSION = 1.0;
				"OTHER_LDFLAGS[arch=*]" = "-ObjC";
				PRODUCT_BUNDLE_IDENTIFIER = "com.ntomoki.frank-lloyd-light";
				PRODUCT_NAME = "$(TARGET_NAME)";
				SWIFT_EMIT_LOC_STRINGS = YES;
				SWIFT_VERSION = 5.0;
				TARGETED_DEVICE_FAMILY = "1,2";
			};
			name = "Debug copy";
		};
		F2C1E59B2F434910006B6D11 /* Debug copy */ = {
			isa = XCBuildConfiguration;
			buildSettings = {
				BUNDLE_LOADER = "$(TEST_HOST)";
				CODE_SIGN_STYLE = Automatic;
				CURRENT_PROJECT_VERSION = 1;
				GENERATE_INFOPLIST_FILE = YES;
				IPHONEOS_DEPLOYMENT_TARGET = 18.0;
				MARKETING_VERSION = 1.0;
				PRODUCT_BUNDLE_IDENTIFIER = "com.ntomoki.frank-lloyd-lightTests";
				PRODUCT_NAME = "$(TARGET_NAME)";
				SWIFT_EMIT_LOC_STRINGS = NO;
				SWIFT_VERSION = 5.0;
				TARGETED_DEVICE_FAMILY = "1,2";
				TEST_HOST = "$(BUILT_PRODUCTS_DIR)/frank_lloyd_light.app/$(BUNDLE_EXECUTABLE_FOLDER_PATH)/frank_lloyd_light";
			};
			name = "Debug copy";
		};
		F2C1E59C2F434910006B6D11 /* Debug copy */ = {
			isa = XCBuildConfiguration;
			buildSettings = {
				CODE_SIGN_STYLE = Automatic;
				CURRENT_PROJECT_VERSION = 1;
				GENERATE_INFOPLIST_FILE = YES;
				MARKETING_VERSION = 1.0;
				PRODUCT_BUNDLE_IDENTIFIER = "com.ntomoki.frank-lloyd-lightUITests";
				PRODUCT_NAME = "$(TARGET_NAME)";
				SWIFT_EMIT_LOC_STRINGS = NO;
				SWIFT_VERSION = 5.0;
				TARGETED_DEVICE_FAMILY = "1,2";
				TEST_TARGET_NAME = frank_lloyd_light;
			};
			name = "Debug copy";
		};
		F2C1E59D2F434910006B6D11 /* Debug copy */ = {
			isa = XCBuildConfiguration;
			buildSettings = {
				CODE_SIGN_STYLE = Automatic;
				ENABLE_USER_SCRIPT_SANDBOXING = NO;
				PRODUCT_NAME = "$(TARGET_NAME)";
			};
			name = "Debug copy";
		};
		F2F9040D2ECF49A500E40072 /* Debug */ = {
			isa = XCBuildConfiguration;
			baseConfigurationReference = F2C1E5A02F4353E4006B6D11 /* Config.xcconfig */;
			buildSettings = {
				ALWAYS_SEARCH_USER_PATHS = NO;
				ASSETCATALOG_COMPILER_GENERATE_SWIFT_ASSET_SYMBOL_EXTENSIONS = YES;
				CLANG_ANALYZER_NONNULL = YES;
				CLANG_ANALYZER_NUMBER_OBJECT_CONVERSION = YES_AGGRESSIVE;
				CLANG_CXX_LANGUAGE_STANDARD = "gnu++20";
				CLANG_ENABLE_MODULES = YES;
				CLANG_ENABLE_OBJC_ARC = YES;
				CLANG_ENABLE_OBJC_WEAK = YES;
				CLANG_WARN_BLOCK_CAPTURE_AUTORELEASING = YES;
				CLANG_WARN_BOOL_CONVERSION = YES;
				CLANG_WARN_COMMA = YES;
				CLANG_WARN_CONSTANT_CONVERSION = YES;
				CLANG_WARN_DEPRECATED_OBJC_IMPLEMENTATIONS = YES;
				CLANG_WARN_DIRECT_OBJC_ISA_USAGE = YES_ERROR;
				CLANG_WARN_DOCUMENTATION_COMMENTS = YES;
				CLANG_WARN_EMPTY_BODY = YES;
				CLANG_WARN_ENUM_CONVERSION = YES;
				CLANG_WARN_INFINITE_RECURSION = YES;
				CLANG_WARN_INT_CONVERSION = YES;
				CLANG_WARN_NON_LITERAL_NULL_CONVERSION = YES;
				CLANG_WARN_OBJC_IMPLICIT_RETAIN_SELF = YES;
				CLANG_WARN_OBJC_LITERAL_CONVERSION = YES;
				CLANG_WARN_OBJC_ROOT_CLASS = YES_ERROR;
				CLANG_WARN_QUOTED_INCLUDE_IN_FRAMEWORK_HEADER = YES;
				CLANG_WARN_RANGE_LOOP_ANALYSIS = YES;
				CLANG_WARN_STRICT_PROTOTYPES = YES;
				CLANG_WARN_SUSPICIOUS_MOVE = YES;
				CLANG_WARN_UNGUARDED_AVAILABILITY = YES_AGGRESSIVE;
				CLANG_WARN_UNREACHABLE_CODE = YES;
				CLANG_WARN__DUPLICATE_METHOD_MATCH = YES;
				COPY_PHASE_STRIP = NO;
				DEBUG_INFORMATION_FORMAT = dwarf;
				ENABLE_STRICT_OBJC_MSGSEND = YES;
				ENABLE_TESTABILITY = YES;
				ENABLE_USER_SCRIPT_SANDBOXING = YES;
				GCC_C_LANGUAGE_STANDARD = gnu17;
				GCC_DYNAMIC_NO_PIC = NO;
				GCC_NO_COMMON_BLOCKS = YES;
				GCC_OPTIMIZATION_LEVEL = 0;
				GCC_PREPROCESSOR_DEFINITIONS = (
					"DEBUG=1",
					"$(inherited)",
				);
				GCC_WARN_64_TO_32_BIT_CONVERSION = YES;
				GCC_WARN_ABOUT_RETURN_TYPE = YES_ERROR;
				GCC_WARN_UNDECLARED_SELECTOR = YES;
				GCC_WARN_UNINITIALIZED_AUTOS = YES_AGGRESSIVE;
				GCC_WARN_UNUSED_FUNCTION = YES;
				GCC_WARN_UNUSED_VARIABLE = YES;
				IPHONEOS_DEPLOYMENT_TARGET = 18.0;
				LOCALIZATION_PREFERS_STRING_CATALOGS = YES;
				MTL_ENABLE_DEBUG_INFO = INCLUDE_SOURCE;
				MTL_FAST_MATH = YES;
				ONLY_ACTIVE_ARCH = YES;
				"OTHER_LDFLAGS[arch=*]" = "";
				SDKROOT = iphoneos;
				STRING_CATALOG_GENERATE_SYMBOLS = YES;
				SWIFT_ACTIVE_COMPILATION_CONDITIONS = "DEBUG $(inherited)";
				SWIFT_OPTIMIZATION_LEVEL = "-Onone";
			};
			name = Debug;
		};
		F2F9040E2ECF49A500E40072 /* Release */ = {
			isa = XCBuildConfiguration;
			baseConfigurationReference = F2C1E5A02F4353E4006B6D11 /* Config.xcconfig */;
			buildSettings = {
				ALWAYS_SEARCH_USER_PATHS = NO;
				ASSETCATALOG_COMPILER_GENERATE_SWIFT_ASSET_SYMBOL_EXTENSIONS = YES;
				CLANG_ANALYZER_NONNULL = YES;
				CLANG_ANALYZER_NUMBER_OBJECT_CONVERSION = YES_AGGRESSIVE;
				CLANG_CXX_LANGUAGE_STANDARD = "gnu++20";
				CLANG_ENABLE_MODULES = YES;
				CLANG_ENABLE_OBJC_ARC = YES;
				CLANG_ENABLE_OBJC_WEAK = YES;
				CLANG_WARN_BLOCK_CAPTURE_AUTORELEASING = YES;
				CLANG_WARN_BOOL_CONVERSION = YES;
				CLANG_WARN_COMMA = YES;
				CLANG_WARN_CONSTANT_CONVERSION = YES;
				CLANG_WARN_DEPRECATED_OBJC_IMPLEMENTATIONS = YES;
				CLANG_WARN_DIRECT_OBJC_ISA_USAGE = YES_ERROR;
				CLANG_WARN_DOCUMENTATION_COMMENTS = YES;
				CLANG_WARN_EMPTY_BODY = YES;
				CLANG_WARN_ENUM_CONVERSION = YES;
				CLANG_WARN_INFINITE_RECURSION = YES;
				CLANG_WARN_INT_CONVERSION = YES;
				CLANG_WARN_NON_LITERAL_NULL_CONVERSION = YES;
				CLANG_WARN_OBJC_IMPLICIT_RETAIN_SELF = YES;
				CLANG_WARN_OBJC_LITERAL_CONVERSION = YES;
				CLANG_WARN_OBJC_ROOT_CLASS = YES_ERROR;
				CLANG_WARN_QUOTED_INCLUDE_IN_FRAMEWORK_HEADER = YES;
				CLANG_WARN_RANGE_LOOP_ANALYSIS = YES;
				CLANG_WARN_STRICT_PROTOTYPES = YES;
				CLANG_WARN_SUSPICIOUS_MOVE = YES;
				CLANG_WARN_UNGUARDED_AVAILABILITY = YES_AGGRESSIVE;
				CLANG_WARN_UNREACHABLE_CODE = YES;
				CLANG_WARN__DUPLICATE_METHOD_MATCH = YES;
				COPY_PHASE_STRIP = NO;
				DEBUG_INFORMATION_FORMAT = "dwarf-with-dsym";
				ENABLE_NS_ASSERTIONS = NO;
				ENABLE_STRICT_OBJC_MSGSEND = YES;
				ENABLE_USER_SCRIPT_SANDBOXING = YES;
				GCC_C_LANGUAGE_STANDARD = gnu17;
				GCC_NO_COMMON_BLOCKS = YES;
				GCC_WARN_64_TO_32_BIT_CONVERSION = YES;
				GCC_WARN_ABOUT_RETURN_TYPE = YES_ERROR;
				GCC_WARN_UNDECLARED_SELECTOR = YES;
				GCC_WARN_UNINITIALIZED_AUTOS = YES_AGGRESSIVE;
				GCC_WARN_UNUSED_FUNCTION = YES;
				GCC_WARN_UNUSED_VARIABLE = YES;
				IPHONEOS_DEPLOYMENT_TARGET = 18.0;
				LOCALIZATION_PREFERS_STRING_CATALOGS = YES;
				MTL_ENABLE_DEBUG_INFO = NO;
				MTL_FAST_MATH = YES;
				SDKROOT = iphoneos;
				STRING_CATALOG_GENERATE_SYMBOLS = YES;
				SWIFT_COMPILATION_MODE = wholemodule;
				VALIDATE_PRODUCT = YES;
			};
			name = Release;
		};
		F2F904102ECF49A500E40072 /* Debug */ = {
			isa = XCBuildConfiguration;
			buildSettings = {
				ASSETCATALOG_COMPILER_APPICON_NAME = AppIcon;
				ASSETCATALOG_COMPILER_GLOBAL_ACCENT_COLOR_NAME = AccentColor;
				CODE_SIGN_STYLE = Automatic;
				CURRENT_PROJECT_VERSION = 1;
				DEVELOPMENT_ASSET_PATHS = "\"frank_lloyd_light/Preview Content\"";
				ENABLE_PREVIEWS = YES;
				GENERATE_INFOPLIST_FILE = YES;
				INFOPLIST_FILE = "frank-lloyd-light-Info.plist";
				INFOPLIST_KEY_UIApplicationSceneManifest_Generation = YES;
				INFOPLIST_KEY_UIApplicationSupportsIndirectInputEvents = YES;
				INFOPLIST_KEY_UILaunchScreen_Generation = YES;
				INFOPLIST_KEY_UISupportedInterfaceOrientations_iPad = "UIInterfaceOrientationPortrait UIInterfaceOrientationPortraitUpsideDown UIInterfaceOrientationLandscapeLeft UIInterfaceOrientationLandscapeRight";
				INFOPLIST_KEY_UISupportedInterfaceOrientations_iPhone = "UIInterfaceOrientationPortrait UIInterfaceOrientationLandscapeLeft UIInterfaceOrientationLandscapeRight";
				LD_RUNPATH_SEARCH_PATHS = (
					"$(inherited)",
					"@executable_path/Frameworks",
				);
				MARKETING_VERSION = 1.0;
				"OTHER_LDFLAGS[arch=*]" = "-ObjC";
				PRODUCT_BUNDLE_IDENTIFIER = "com.ntomoki.frank-lloyd-light";
				PRODUCT_NAME = "$(TARGET_NAME)";
				SWIFT_EMIT_LOC_STRINGS = YES;
				SWIFT_VERSION = 5.0;
				TARGETED_DEVICE_FAMILY = "1,2";
			};
			name = Debug;
		};
		F2F904112ECF49A500E40072 /* Release */ = {
			isa = XCBuildConfiguration;
			buildSettings = {
				ASSETCATALOG_COMPILER_APPICON_NAME = AppIcon;
				ASSETCATALOG_COMPILER_GLOBAL_ACCENT_COLOR_NAME = AccentColor;
				CODE_SIGN_STYLE = Automatic;
				CURRENT_PROJECT_VERSION = 1;
				DEVELOPMENT_ASSET_PATHS = "\"frank_lloyd_light/Preview Content\"";
				ENABLE_PREVIEWS = YES;
				GENERATE_INFOPLIST_FILE = YES;
				INFOPLIST_FILE = "frank-lloyd-light-Info.plist";
				INFOPLIST_KEY_UIApplicationSceneManifest_Generation = YES;
				INFOPLIST_KEY_UIApplicationSupportsIndirectInputEvents = YES;
				INFOPLIST_KEY_UILaunchScreen_Generation = YES;
				INFOPLIST_KEY_UISupportedInterfaceOrientations_iPad = "UIInterfaceOrientationPortrait UIInterfaceOrientationPortraitUpsideDown UIInterfaceOrientationLandscapeLeft UIInterfaceOrientationLandscapeRight";
				INFOPLIST_KEY_UISupportedInterfaceOrientations_iPhone = "UIInterfaceOrientationPortrait UIInterfaceOrientationLandscapeLeft UIInterfaceOrientationLandscapeRight";
				LD_RUNPATH_SEARCH_PATHS = (
					"$(inherited)",
					"@executable_path/Frameworks",
				);
				MARKETING_VERSION = 1.0;
				"OTHER_LDFLAGS[arch=*]" = "-ObjC";
				PRODUCT_BUNDLE_IDENTIFIER = "com.ntomoki.frank-lloyd-light";
				PRODUCT_NAME = "$(TARGET_NAME)";
				SWIFT_EMIT_LOC_STRINGS = YES;
				SWIFT_VERSION = 5.0;
				TARGETED_DEVICE_FAMILY = "1,2";
			};
			name = Release;
		};
		F2F904132ECF49A500E40072 /* Debug */ = {
			isa = XCBuildConfiguration;
			buildSettings = {
				BUNDLE_LOADER = "$(TEST_HOST)";
				CODE_SIGN_STYLE = Automatic;
				CURRENT_PROJECT_VERSION = 1;
				GENERATE_INFOPLIST_FILE = YES;
				IPHONEOS_DEPLOYMENT_TARGET = 18.0;
				MARKETING_VERSION = 1.0;
				PRODUCT_BUNDLE_IDENTIFIER = "com.ntomoki.frank-lloyd-lightTests";
				PRODUCT_NAME = "$(TARGET_NAME)";
				SWIFT_EMIT_LOC_STRINGS = NO;
				SWIFT_VERSION = 5.0;
				TARGETED_DEVICE_FAMILY = "1,2";
				TEST_HOST = "$(BUILT_PRODUCTS_DIR)/frank_lloyd_light.app/$(BUNDLE_EXECUTABLE_FOLDER_PATH)/frank_lloyd_light";
			};
			name = Debug;
		};
		F2F904142ECF49A500E40072 /* Release */ = {
			isa = XCBuildConfiguration;
			buildSettings = {
				BUNDLE_LOADER = "$(TEST_HOST)";
				CODE_SIGN_STYLE = Automatic;
				CURRENT_PROJECT_VERSION = 1;
				GENERATE_INFOPLIST_FILE = YES;
				IPHONEOS_DEPLOYMENT_TARGET = 18.0;
				MARKETING_VERSION = 1.0;
				PRODUCT_BUNDLE_IDENTIFIER = "com.ntomoki.frank-lloyd-lightTests";
				PRODUCT_NAME = "$(TARGET_NAME)";
				SWIFT_EMIT_LOC_STRINGS = NO;
				SWIFT_VERSION = 5.0;
				TARGETED_DEVICE_FAMILY = "1,2";
				TEST_HOST = "$(BUILT_PRODUCTS_DIR)/frank_lloyd_light.app/$(BUNDLE_EXECUTABLE_FOLDER_PATH)/frank_lloyd_light";
			};
			name = Release;
		};
		F2F904162ECF49A500E40072 /* Debug */ = {
			isa = XCBuildConfiguration;
			buildSettings = {
				CODE_SIGN_STYLE = Automatic;
				CURRENT_PROJECT_VERSION = 1;
				GENERATE_INFOPLIST_FILE = YES;
				MARKETING_VERSION = 1.0;
				PRODUCT_BUNDLE_IDENTIFIER = "com.ntomoki.frank-lloyd-lightUITests";
				PRODUCT_NAME = "$(TARGET_NAME)";
				SWIFT_EMIT_LOC_STRINGS = NO;
				SWIFT_VERSION = 5.0;
				TARGETED_DEVICE_FAMILY = "1,2";
				TEST_TARGET_NAME = frank_lloyd_light;
			};
			name = Debug;
		};
		F2F904172ECF49A500E40072 /* Release */ = {
			isa = XCBuildConfiguration;
			buildSettings = {
				CODE_SIGN_STYLE = Automatic;
				CURRENT_PROJECT_VERSION = 1;
				GENERATE_INFOPLIST_FILE = YES;
				MARKETING_VERSION = 1.0;
				PRODUCT_BUNDLE_IDENTIFIER = "com.ntomoki.frank-lloyd-lightUITests";
				PRODUCT_NAME = "$(TARGET_NAME)";
				SWIFT_EMIT_LOC_STRINGS = NO;
				SWIFT_VERSION = 5.0;
				TARGETED_DEVICE_FAMILY = "1,2";
				TEST_TARGET_NAME = frank_lloyd_light;
			};
			name = Release;
		};
/* End XCBuildConfiguration section */

/* Begin XCConfigurationList section */
		F252B54A2F3C314D00B53CEE /* Build configuration list for PBXAggregateTarget "Periphery" */ = {
			isa = XCConfigurationList;
			buildConfigurations = (
				F252B54B2F3C314D00B53CEE /* Debug */,
				F2C1E59D2F434910006B6D11 /* Debug copy */,
				F252B54C2F3C314D00B53CEE /* Release */,
			);
			defaultConfigurationIsVisible = 0;
			defaultConfigurationName = Release;
		};
		F2F903E62ECF49A200E40072 /* Build configuration list for PBXProject "frank_lloyd_light" */ = {
			isa = XCConfigurationList;
			buildConfigurations = (
				F2F9040D2ECF49A500E40072 /* Debug */,
				F2C1E5992F434910006B6D11 /* Debug copy */,
				F2F9040E2ECF49A500E40072 /* Release */,
			);
			defaultConfigurationIsVisible = 0;
			defaultConfigurationName = Release;
		};
		F2F9040F2ECF49A500E40072 /* Build configuration list for PBXNativeTarget "frank_lloyd_light" */ = {
			isa = XCConfigurationList;
			buildConfigurations = (
				F2F904102ECF49A500E40072 /* Debug */,
				F2C1E59A2F434910006B6D11 /* Debug copy */,
				F2F904112ECF49A500E40072 /* Release */,
			);
			defaultConfigurationIsVisible = 0;
			defaultConfigurationName = Release;
		};
		F2F904122ECF49A500E40072 /* Build configuration list for PBXNativeTarget "frank_lloyd_lightTests" */ = {
			isa = XCConfigurationList;
			buildConfigurations = (
				F2F904132ECF49A500E40072 /* Debug */,
				F2C1E59B2F434910006B6D11 /* Debug copy */,
				F2F904142ECF49A500E40072 /* Release */,
			);
			defaultConfigurationIsVisible = 0;
			defaultConfigurationName = Release;
		};
		F2F904152ECF49A500E40072 /* Build configuration list for PBXNativeTarget "frank_lloyd_lightUITests" */ = {
			isa = XCConfigurationList;
			buildConfigurations = (
				F2F904162ECF49A500E40072 /* Debug */,
				F2C1E59C2F434910006B6D11 /* Debug copy */,
				F2F904172ECF49A500E40072 /* Release */,
			);
			defaultConfigurationIsVisible = 0;
			defaultConfigurationName = Release;
		};
/* End XCConfigurationList section */

/* Begin XCRemoteSwiftPackageReference section */
		F288664C2F3C9BA300DD1F41 /* XCRemoteSwiftPackageReference "firebase-ios-sdk" */ = {
			isa = XCRemoteSwiftPackageReference;
			repositoryURL = "https://github.com/firebase/firebase-ios-sdk";
			requirement = {
				kind = upToNextMajorVersion;
				minimumVersion = 12.9.0;
			};
		};
/* End XCRemoteSwiftPackageReference section */

/* Begin XCSwiftPackageProductDependency section */
		F288664D2F3C9BA300DD1F41 /* FirebaseAnalytics */ = {
			isa = XCSwiftPackageProductDependency;
			package = F288664C2F3C9BA300DD1F41 /* XCRemoteSwiftPackageReference "firebase-ios-sdk" */;
			productName = FirebaseAnalytics;
		};
		F28866502F3CA08500DD1F41 /* FirebaseDatabase */ = {
			isa = XCSwiftPackageProductDependency;
			package = F288664C2F3C9BA300DD1F41 /* XCRemoteSwiftPackageReference "firebase-ios-sdk" */;
			productName = FirebaseDatabase;
		};
/* End XCSwiftPackageProductDependency section */
	};
	rootObject = F2F903E32ECF49A200E40072 /* Project object */;
}
